
Microsoft Visual Studio Solution File, Format Version 12.00
# Visual Studio 15
VisualStudioVersion = 15.0.27428.2015
MinimumVisualStudioVersion = 10.0.40219.1
Project("{FAE04EC0-301F-11D3-BF4B-00C04F79EFBC}") = "Fila", "Fila\Fila.csproj", "{D7065BF4-C907-4983-86FA-20E090434BA3}"
EndProject
Global
	GlobalSection(SolutionConfigurationPlatforms) = preSolution
		Debug|Any CPU = Debug|Any CPU
		Release|Any CPU = Release|Any CPU
	EndGlobalSection
	GlobalSection(ProjectConfigurationPlatforms) = postSolution
		{D7065BF4-C907-4983-86FA-20E090434BA3}.Debug|Any CPU.ActiveCfg = Debug|Any CPU
		{D7065BF4-C907-4983-86FA-20E090434BA3}.Debug|Any CPU.Build.0 = Debug|Any CPU
		{D7065BF4-C907-4983-86FA-20E090434BA3}.Release|Any CPU.ActiveCfg = Release|Any CPU
		{D7065BF4-C907-4983-86FA-20E090434BA3}.Release|Any CPU.Build.0 = Release|Any CPU
	EndGlobalSection
	GlobalSection(SolutionProperties) = preSolution
		HideSolutionNode = FALSE
	EndGlobalSection
	GlobalSection(ExtensibilityGlobals) = postSolution
		SolutionGuid = {D4937FF1-E24C-4DC9-B7F3-508E9E60552C}
	EndGlobalSection
EndGlobal
